<?xml version="1.0" encoding="utf-8"?>
<Project ToolsVersion="4.0" xmlns="http://schemas.microsoft.com/developer/msbuild/2003">
  <ItemGroup>
    <Filter Include="源文件">
      <UniqueIdentifier>{4FC737F1-C7A5-4376-A066-2A32D752A2FF}</UniqueIdentifier>
      <Extensions>cpp;c;cc;cxx;c++;cppm;ixx;def;odl;idl;hpj;bat;asm;asmx</Extensions>
    </Filter>
    <Filter Include="头文件">
      <UniqueIdentifier>{93995380-89BD-4b04-88EB-625FBE52EBFB}</UniqueIdentifier>
      <Extensions>h;hh;hpp;hxx;h++;hm;inl;inc;ipp;xsd</Extensions>
    </Filter>
    <Filter Include="资源文件">
      <UniqueIdentifier>{67DA6AB6-F800-4c08-8B7A-83BB121AAD01}</UniqueIdentifier>
      <Extensions>rc;ico;cur;bmp;dlg;rc2;rct;bin;rgs;gif;jpg;jpeg;jpe;resx;tiff;tif;png;wav;mfcribbon-ms</Extensions>
    </Filter>
    <Filter Include="源文件\shaders">
      <UniqueIdentifier>{20022c4b-5710-47c1-bc57-bcd14d06030e}</UniqueIdentifier>
    </Filter>
    <Filter Include="头文件\vertex">
      <UniqueIdentifier>{b151208d-3203-48c4-ad52-0e74cea36397}</UniqueIdentifier>
    </Filter>
    <Filter Include="源文件\vertex">
      <UniqueIdentifier>{ca53b899-2238-4948-8fee-507ce653ac8b}</UniqueIdentifier>
    </Filter>
    <Filter Include="源文件\Bindable">
      <UniqueIdentifier>{6daf1e1b-cb75-4346-99b6-d7cfe5a3278e}</UniqueIdentifier>
    </Filter>
    <Filter Include="头文件\Bindable">
      <UniqueIdentifier>{82567dde-def9-4391-ae84-45ab25e1cacc}</UniqueIdentifier>
    </Filter>
    <Filter Include="头文件\VulkanCore">
      <UniqueIdentifier>{79c96a8f-3938-4e6d-9b77-f7dfaa47785f}</UniqueIdentifier>
    </Filter>
    <Filter Include="源文件\VulkanCore">
      <UniqueIdentifier>{403dfea5-600f-430a-8c45-21a4ba7761b5}</UniqueIdentifier>
    </Filter>
  </ItemGroup>
  <ItemGroup>
    <ClCompile Include="..\src\model.cpp">
      <Filter>源文件</Filter>
    </ClCompile>
    <ClCompile Include="..\src\main.cpp">
      <Filter>源文件</Filter>
    </ClCompile>
    <ClCompile Include="..\src\vulkan_basics.c">
      <Filter>源文件</Filter>
    </ClCompile>
    <ClCompile Include="..\src\imgui_vulkan.cpp">
      <Filter>源文件</Filter>
    </ClCompile>
    <ClCompile Include="..\include\imgui\imgui.cpp">
      <Filter>源文件</Filter>
    </ClCompile>
    <ClCompile Include="..\include\imgui\imgui_draw.cpp">
      <Filter>源文件</Filter>
    </ClCompile>
    <ClCompile Include="..\include\imgui\imgui_tables.cpp">
      <Filter>源文件</Filter>
    </ClCompile>
    <ClCompile Include="..\include\imgui\imgui_widgets.cpp">
      <Filter>源文件</Filter>
    </ClCompile>
    <ClCompile Include="..\include\imgui\backends\imgui_impl_glfw.cpp">
      <Filter>源文件</Filter>
    </ClCompile>
    <ClCompile Include="..\src\frame_timer.c">
      <Filter>源文件</Filter>
    </ClCompile>
    <ClCompile Include="..\include\imgui\backends\imgui_impl_vulkan.cpp">
      <Filter>源文件</Filter>
    </ClCompile>
    <ClCompile Include="..\include\imgui\imgui_demo.cpp">
      <Filter>源文件</Filter>
    </ClCompile>
    <ClCompile Include="..\src\cube.cpp">
      <Filter>源文件</Filter>
    </ClCompile>
    <ClCompile Include="..\src\camera.cpp">
      <Filter>源文件</Filter>
    </ClCompile>
    <ClCompile Include="..\src\PointLight.cpp">
      <Filter>源文件</Filter>
    </ClCompile>
    <ClCompile Include="..\src\transform.cpp">
      <Filter>源文件</Filter>
    </ClCompile>
    <ClCompile Include="..\src\mesh.cpp">
      <Filter>源文件</Filter>
    </ClCompile>
    <ClCompile Include="..\src\constant_value.cpp">
      <Filter>源文件</Filter>
    </ClCompile>
    <ClCompile Include="..\src\vertex.cpp">
      <Filter>源文件\vertex</Filter>
    </ClCompile>
    <ClCompile Include="..\src\vertex_layout.cpp">
      <Filter>源文件\vertex</Filter>
    </ClCompile>
    <ClCompile Include="..\src\Vulkan.cpp">
      <Filter>源文件\VulkanCore</Filter>
    </ClCompile>
    <ClCompile Include="..\src\Buffer.cpp">
      <Filter>源文件\VulkanCore</Filter>
    </ClCompile>
    <ClCompile Include="..\src\Image.cpp">
      <Filter>源文件\VulkanCore</Filter>
    </ClCompile>
    <ClCompile Include="..\src\RenderPass.cpp">
      <Filter>源文件\VulkanCore</Filter>
    </ClCompile>
    <ClCompile Include="..\src\PipelineLayout.cpp">
      <Filter>源文件\Bindable</Filter>
    </ClCompile>
  </ItemGroup>
  <ItemGroup>
    <ClInclude Include="..\src\model.h">
      <Filter>头文件</Filter>
    </ClInclude>
    <ClInclude Include="..\src\vulkan_basics.h">
      <Filter>头文件</Filter>
    </ClInclude>
    <ClInclude Include="..\src\string_utilities.h">
      <Filter>头文件</Filter>
    </ClInclude>
    <ClInclude Include="..\src\main.h">
      <Filter>头文件</Filter>
    </ClInclude>
    <ClInclude Include="..\src\imgui_vulkan.h">
      <Filter>头文件</Filter>
    </ClInclude>
    <ClInclude Include="..\src\frame_timer.h">
      <Filter>头文件</Filter>
    </ClInclude>
    <ClInclude Include="..\src\gui.h">
      <Filter>头文件</Filter>
    </ClInclude>
    <ClInclude Include="..\src\cube.h">
      <Filter>头文件</Filter>
    </ClInclude>
    <ClInclude Include="..\src\camera.h">
      <Filter>头文件</Filter>
    </ClInclude>
    <ClInclude Include="..\src\triangle.h">
      <Filter>头文件</Filter>
    </ClInclude>
    <ClInclude Include="..\src\PointLight.h">
      <Filter>头文件</Filter>
    </ClInclude>
    <ClInclude Include="..\src\transform.h">
      <Filter>头文件</Filter>
    </ClInclude>
    <ClInclude Include="..\src\mesh.h">
      <Filter>头文件</Filter>
    </ClInclude>
    <ClInclude Include="..\src\constant_value.h">
      <Filter>头文件</Filter>
    </ClInclude>
    <ClInclude Include="..\src\vertex.h">
      <Filter>头文件\vertex</Filter>
    </ClInclude>
    <ClInclude Include="..\src\vertex_buffer.h">
      <Filter>头文件\vertex</Filter>
    </ClInclude>
    <ClInclude Include="..\src\Color.h">
      <Filter>头文件\vertex</Filter>
    </ClInclude>
    <ClInclude Include="..\src\Bindable.h">
      <Filter>头文件\Bindable</Filter>
    </ClInclude>
    <ClInclude Include="..\src\PipelineLayout.h">
      <Filter>头文件\Bindable</Filter>
    </ClInclude>
    <ClInclude Include="..\src\VertexBuffer.h">
      <Filter>头文件\Bindable</Filter>
    </ClInclude>
    <ClInclude Include="..\src\IndexBuffer.h">
      <Filter>头文件\Bindable</Filter>
    </ClInclude>
    <ClInclude Include="..\src\VertexShader.h">
      <Filter>头文件\Bindable</Filter>
    </ClInclude>
    <ClInclude Include="..\src\PixelShader.h">
      <Filter>头文件\Bindable</Filter>
    </ClInclude>
    <ClInclude Include="..\src\Vulkan.h">
      <Filter>头文件\VulkanCore</Filter>
    </ClInclude>
    <ClInclude Include="..\src\Buffer.h">
      <Filter>头文件\VulkanCore</Filter>
    </ClInclude>
    <ClInclude Include="..\src\Image.h">
      <Filter>头文件\VulkanCore</Filter>
    </ClInclude>
    <ClInclude Include="..\src\RenderPass.h">
      <Filter>头文件\VulkanCore</Filter>
    </ClInclude>
    <ClInclude Include="..\src\Pipeline.h">
      <Filter>头文件\VulkanCore</Filter>
    </ClInclude>
  </ItemGroup>
  <ItemGroup>
    <None Include="..\src\shaders\triangle.vert.glsl">
      <Filter>源文件\shaders</Filter>
    </None>
    <None Include="..\src\shaders\triangle.frag.glsl">
      <Filter>源文件\shaders</Filter>
    </None>
    <None Include="..\src\shaders\cube.vert.glsl">
      <Filter>源文件\shaders</Filter>
    </None>
    <None Include="..\src\shaders\cube.frag.glsl">
      <Filter>源文件\shaders</Filter>
    </None>
    <None Include="..\src\point_light.vert.glsl">
      <Filter>源文件\shaders</Filter>
    </None>
    <None Include="..\src\shaders\point_light.frag.glsl">
      <Filter>源文件\shaders</Filter>
    </None>
  </ItemGroup>
</Project>