<?xml version="1.0" encoding="utf-8"?>
<Project ToolsVersion="4.0" xmlns="http://schemas.microsoft.com/developer/msbuild/2003">
  <ItemGroup>
    <Filter Include="源文件">
      <UniqueIdentifier>{4FC737F1-C7A5-4376-A066-2A32D752A2FF}</UniqueIdentifier>
      <Extensions>cpp;c;cc;cxx;c++;cppm;ixx;def;odl;idl;hpj;bat;asm;asmx</Extensions>
    </Filter>
    <Filter Include="头文件">
      <UniqueIdentifier>{93995380-89BD-4b04-88EB-625FBE52EBFB}</UniqueIdentifier>
      <Extensions>h;hh;hpp;hxx;h++;hm;inl;inc;ipp;xsd</Extensions>
    </Filter>
    <Filter Include="资源文件">
      <UniqueIdentifier>{67DA6AB6-F800-4c08-8B7A-83BB121AAD01}</UniqueIdentifier>
      <Extensions>rc;ico;cur;bmp;dlg;rc2;rct;bin;rgs;gif;jpg;jpeg;jpe;resx;tiff;tif;png;wav;mfcribbon-ms</Extensions>
    </Filter>
    <Filter Include="头文件\Bindable">
      <UniqueIdentifier>{104f67ac-777b-4508-ae53-7f8fa31443c6}</UniqueIdentifier>
    </Filter>
    <Filter Include="头文件\Drawable">
      <UniqueIdentifier>{cbe5cb2c-47f0-40c8-8bf8-9f49e9f5e683}</UniqueIdentifier>
    </Filter>
    <Filter Include="头文件\VulkanCore">
      <UniqueIdentifier>{5f6795e3-0ed9-4f79-9a09-10343f60e3de}</UniqueIdentifier>
    </Filter>
    <Filter Include="源文件\Bindable">
      <UniqueIdentifier>{3ec2afda-2790-4de8-8220-f2f4ea4eef04}</UniqueIdentifier>
    </Filter>
    <Filter Include="源文件\Drawable">
      <UniqueIdentifier>{affa7b86-be2a-4f3f-aa76-1d939d935efb}</UniqueIdentifier>
    </Filter>
    <Filter Include="源文件\VulkanCore">
      <UniqueIdentifier>{1b648c56-3ea6-4366-b126-2c4b3c7f21e9}</UniqueIdentifier>
    </Filter>
    <Filter Include="头文件\Test">
      <UniqueIdentifier>{4bede344-8533-4a34-bf2a-59364662bc2d}</UniqueIdentifier>
    </Filter>
    <Filter Include="源文件\Test">
      <UniqueIdentifier>{5ed23dea-366a-481f-b9d8-3f0cae976c57}</UniqueIdentifier>
    </Filter>
    <Filter Include="头文件\Utils">
      <UniqueIdentifier>{c3330d5f-ad66-48d7-8751-f75e3a3026d2}</UniqueIdentifier>
    </Filter>
    <Filter Include="源文件\imgui">
      <UniqueIdentifier>{f1406426-75ad-4ff7-bcb9-1b9e4ea6ad1c}</UniqueIdentifier>
    </Filter>
    <Filter Include="头文件\DynamicVariable">
      <UniqueIdentifier>{376b5971-14bd-43c4-bfb4-b5b5123cbb14}</UniqueIdentifier>
    </Filter>
    <Filter Include="源文件\DynamicVariable">
      <UniqueIdentifier>{265f17aa-0edc-4c0e-a04e-b6a504c3dac4}</UniqueIdentifier>
    </Filter>
    <Filter Include="Others">
      <UniqueIdentifier>{9e23cf82-8519-45e6-96a6-e2a026cf196b}</UniqueIdentifier>
    </Filter>
    <Filter Include="头文件\RenderSystem">
      <UniqueIdentifier>{9944d3d0-9a0c-4351-a730-f531a6760eae}</UniqueIdentifier>
    </Filter>
    <Filter Include="源文件\Shaders">
      <UniqueIdentifier>{e3ffc16b-45e9-46cf-ba38-ed49e45f3edd}</UniqueIdentifier>
    </Filter>
    <Filter Include="源文件\RenderSystem">
      <UniqueIdentifier>{4bcee1fc-1cc4-47af-b701-0ec6511df2ac}</UniqueIdentifier>
    </Filter>
    <Filter Include="头文件\Scene">
      <UniqueIdentifier>{ef12366f-4998-4727-b68d-5de98e9a555f}</UniqueIdentifier>
    </Filter>
    <Filter Include="源文件\Scene">
      <UniqueIdentifier>{85a623c0-828e-418e-b30c-a97601055812}</UniqueIdentifier>
    </Filter>
    <Filter Include="头文件\Exception">
      <UniqueIdentifier>{aad17601-666c-473c-a303-4b889c97fb20}</UniqueIdentifier>
    </Filter>
    <Filter Include="源文件\Exception">
      <UniqueIdentifier>{e0720bd2-f95f-4976-9107-9d7ea0e91505}</UniqueIdentifier>
    </Filter>
    <Filter Include="头文件\imgui">
      <UniqueIdentifier>{02f6aef8-44c8-4d63-95a8-1be4cb304f3a}</UniqueIdentifier>
    </Filter>
    <Filter Include="源文件\Utils">
      <UniqueIdentifier>{17f2efb2-a814-4b45-8c48-ab437d22b9c9}</UniqueIdentifier>
    </Filter>
    <Filter Include="源文件\Shaders\PBR">
      <UniqueIdentifier>{bcc66070-63c5-4eef-9bdc-eec42bde7541}</UniqueIdentifier>
    </Filter>
    <Filter Include="源文件\Shaders\Deferred">
      <UniqueIdentifier>{f65d2eb4-645e-46bd-9c3d-a8f9a65da5cf}</UniqueIdentifier>
    </Filter>
    <Filter Include="源文件\Shaders\SSAO">
      <UniqueIdentifier>{699d732f-619f-4c3f-acd2-b06c53e748bf}</UniqueIdentifier>
    </Filter>
    <Filter Include="头文件\Serialization">
      <UniqueIdentifier>{a63ec71c-3e53-4b4d-94e8-9947187e3881}</UniqueIdentifier>
    </Filter>
    <Filter Include="源文件\Serialization">
      <UniqueIdentifier>{0202702e-7207-4016-a0b2-1ec0d04f879c}</UniqueIdentifier>
    </Filter>
    <Filter Include="源文件\Scene\Light">
      <UniqueIdentifier>{2ff95c33-9b5c-4385-a007-3ba5b63e699b}</UniqueIdentifier>
    </Filter>
    <Filter Include="头文件\Scene\Light">
      <UniqueIdentifier>{5d832bc1-0068-4977-a992-01b7882b4979}</UniqueIdentifier>
    </Filter>
    <Filter Include="源文件\Drawable\LightMaterial">
      <UniqueIdentifier>{352866c3-093b-4e1b-a739-7cacc6ac1c2c}</UniqueIdentifier>
    </Filter>
    <Filter Include="头文件\Drawable\LightMaterial">
      <UniqueIdentifier>{3461e807-f365-46d7-8b1a-683874c2888a}</UniqueIdentifier>
    </Filter>
    <Filter Include="头文件\Drawable\Shadow">
      <UniqueIdentifier>{70c434d5-a6c8-4b01-ad57-937ae1e4656c}</UniqueIdentifier>
    </Filter>
    <Filter Include="源文件\Drawable\Shadow">
      <UniqueIdentifier>{156a70a7-837c-4684-8498-c050be688cf8}</UniqueIdentifier>
    </Filter>
    <Filter Include="源文件\Shaders\Shadow">
      <UniqueIdentifier>{e41bebb5-1178-4d50-8009-ebda7ca4f1a2}</UniqueIdentifier>
    </Filter>
    <Filter Include="头文件\Drawable\Private">
      <UniqueIdentifier>{5299bee6-275b-4282-863b-c7b1b0f511d6}</UniqueIdentifier>
    </Filter>
    <Filter Include="源文件\Shaders\SSR">
      <UniqueIdentifier>{cd45f1ef-8727-4e4e-8536-638962cc2c63}</UniqueIdentifier>
    </Filter>
    <Filter Include="源文件\Drawable\PostProcess">
      <UniqueIdentifier>{3c43adb9-74ba-4a14-a5f4-f2444021f4ef}</UniqueIdentifier>
    </Filter>
    <Filter Include="头文件\Drawable\PostProcess">
      <UniqueIdentifier>{d81432e2-d409-4475-95e9-8c838a00697a}</UniqueIdentifier>
    </Filter>
    <Filter Include="源文件\Shaders\Composition">
      <UniqueIdentifier>{933aa011-60f3-443a-996b-140da003b9a1}</UniqueIdentifier>
    </Filter>
  </ItemGroup>
  <ItemGroup>
    <ClInclude Include="..\src\VulkanCore\Buffer.h">
      <Filter>头文件\VulkanCore</Filter>
    </ClInclude>
    <ClInclude Include="..\src\VulkanCore\CommandBuffer.h">
      <Filter>头文件\VulkanCore</Filter>
    </ClInclude>
    <ClInclude Include="..\src\VulkanCore\CommandPool.h">
      <Filter>头文件\VulkanCore</Filter>
    </ClInclude>
    <ClInclude Include="..\src\VulkanCore\DescriptorSet.h">
      <Filter>头文件\VulkanCore</Filter>
    </ClInclude>
    <ClInclude Include="..\src\VulkanCore\Graphics.h">
      <Filter>头文件\VulkanCore</Filter>
    </ClInclude>
    <ClInclude Include="..\src\VulkanCore\Image.h">
      <Filter>头文件\VulkanCore</Filter>
    </ClInclude>
    <ClInclude Include="..\src\VulkanCore\RenderPass.h">
      <Filter>头文件\VulkanCore</Filter>
    </ClInclude>
    <ClInclude Include="..\src\VulkanCore\Vulkan.h">
      <Filter>头文件\VulkanCore</Filter>
    </ClInclude>
    <ClInclude Include="..\src\Bindable\Bindable.h">
      <Filter>头文件\Bindable</Filter>
    </ClInclude>
    <ClInclude Include="..\src\Bindable\Bindable_heads.h">
      <Filter>头文件\Bindable</Filter>
    </ClInclude>
    <ClInclude Include="..\src\Bindable\IndexBuffer.h">
      <Filter>头文件\Bindable</Filter>
    </ClInclude>
    <ClInclude Include="..\src\Bindable\Shader.h">
      <Filter>头文件\Bindable</Filter>
    </ClInclude>
    <ClInclude Include="..\src\Bindable\VertexBuffer.h">
      <Filter>头文件\Bindable</Filter>
    </ClInclude>
    <ClInclude Include="..\src\Utils\string_utils.h">
      <Filter>头文件\Utils</Filter>
    </ClInclude>
    <ClInclude Include="..\src\Utils\string_utilities.h">
      <Filter>头文件\Utils</Filter>
    </ClInclude>
    <ClInclude Include="..\src\VulkanCore\vulkan_core_headers.h">
      <Filter>头文件\VulkanCore</Filter>
    </ClInclude>
    <ClInclude Include="..\src\Test\test.h">
      <Filter>源文件\Test</Filter>
    </ClInclude>
    <ClInclude Include="..\src\DynamicVariable\ConditionalNoexcept.h">
      <Filter>头文件\DynamicVariable</Filter>
    </ClInclude>
    <ClInclude Include="..\src\DynamicVariable\DynamicConstant.h">
      <Filter>头文件\DynamicVariable</Filter>
    </ClInclude>
    <ClInclude Include="..\src\DynamicVariable\LayoutCodex.h">
      <Filter>头文件\DynamicVariable</Filter>
    </ClInclude>
    <ClInclude Include="..\src\VulkanCore\CommandQueue.h">
      <Filter>头文件\VulkanCore</Filter>
    </ClInclude>
    <ClInclude Include="..\src\VulkanCore\Synchronization.h">
      <Filter>头文件\VulkanCore</Filter>
    </ClInclude>
    <ClInclude Include="..\src\Drawable\Model.h">
      <Filter>头文件\Drawable</Filter>
    </ClInclude>
    <ClInclude Include="..\src\RenderSystem\RenderLoop.h">
      <Filter>头文件\RenderSystem</Filter>
    </ClInclude>
    <ClInclude Include="..\src\VulkanCore\DescriptorPool.h">
      <Filter>头文件\VulkanCore</Filter>
    </ClInclude>
    <ClInclude Include="..\src\RenderSystem\FrameTimer.h">
      <Filter>头文件\RenderSystem</Filter>
    </ClInclude>
    <ClInclude Include="..\src\Scene\Camera.h">
      <Filter>头文件\Scene</Filter>
    </ClInclude>
    <ClInclude Include="..\src\Scene\Scene.h">
      <Filter>头文件\Scene</Filter>
    </ClInclude>
    <ClInclude Include="..\src\Exception\ChiliException.h">
      <Filter>头文件\Exception</Filter>
    </ClInclude>
    <ClInclude Include="..\src\Exception\ModelException.h">
      <Filter>头文件\Exception</Filter>
    </ClInclude>
    <ClInclude Include="..\src\DynamicVariable\DynamicVertex.h">
      <Filter>头文件\DynamicVariable</Filter>
    </ClInclude>
    <ClInclude Include="..\src\Drawable\Texture.h">
      <Filter>头文件\Drawable</Filter>
    </ClInclude>
    <ClInclude Include="..\src\Utils\GloableClass.h">
      <Filter>头文件\Utils</Filter>
    </ClInclude>
    <ClInclude Include="..\src\imgui\ImguiManager.h">
      <Filter>头文件\imgui</Filter>
    </ClInclude>
    <ClInclude Include="..\src\Drawable\ModelWindow.h">
      <Filter>头文件\Drawable</Filter>
    </ClInclude>
    <ClInclude Include="..\src\Drawable\ModelWindowBase.h">
      <Filter>头文件\Drawable</Filter>
    </ClInclude>
    <ClInclude Include="..\src\VulkanCore\VulkanInitalizers.hpp">
      <Filter>头文件\VulkanCore</Filter>
    </ClInclude>
    <ClInclude Include="..\src\Drawable\OutlineMaterial.h">
      <Filter>头文件\Drawable</Filter>
    </ClInclude>
    <ClInclude Include="..\src\Drawable\PhoneMaterial.h">
      <Filter>头文件\Drawable</Filter>
    </ClInclude>
    <ClInclude Include="..\src\Bindable\DepthStencilState.h">
      <Filter>头文件\Bindable</Filter>
    </ClInclude>
    <ClInclude Include="..\src\Drawable\SkyboxMaterial.h">
      <Filter>头文件\Drawable</Filter>
    </ClInclude>
    <ClInclude Include="..\src\Drawable\PBRMaterial.h">
      <Filter>头文件\Drawable</Filter>
    </ClInclude>
    <ClInclude Include="..\src\Drawable\MaterialHeader.h">
      <Filter>头文件\Drawable</Filter>
    </ClInclude>
    <ClInclude Include="..\src\Drawable\BrdfMaterial.h">
      <Filter>头文件\Drawable</Filter>
    </ClInclude>
    <ClInclude Include="..\src\Drawable\IrradianceMaterial.h">
      <Filter>头文件\Drawable</Filter>
    </ClInclude>
    <ClInclude Include="..\src\Drawable\PrefilterMaterial.h">
      <Filter>头文件\Drawable</Filter>
    </ClInclude>
    <ClInclude Include="..\src\Drawable\DeferredMaterial.h">
      <Filter>头文件\Drawable</Filter>
    </ClInclude>
    <ClInclude Include="..\src\Drawable\SSAOgenerateMaterial.h">
      <Filter>头文件\Drawable</Filter>
    </ClInclude>
    <ClInclude Include="..\src\Drawable\DefaultMaterial.h">
      <Filter>头文件\Drawable</Filter>
    </ClInclude>
    <ClInclude Include="..\src\Drawable\PbrDeferredMaterial.h">
      <Filter>头文件\Drawable</Filter>
    </ClInclude>
    <ClInclude Include="..\src\Drawable\RenderPassFactory.h">
      <Filter>头文件\Drawable</Filter>
    </ClInclude>
    <ClInclude Include="..\src\Drawable\BlurMaterial.h">
      <Filter>头文件\Drawable</Filter>
    </ClInclude>
    <ClInclude Include="..\src\Scene\DirectionLight.h">
      <Filter>头文件\Scene\Light</Filter>
    </ClInclude>
    <ClInclude Include="..\src\Scene\ILight.h">
      <Filter>头文件\Scene\Light</Filter>
    </ClInclude>
    <ClInclude Include="..\src\Scene\Light.h">
      <Filter>头文件\Scene\Light</Filter>
    </ClInclude>
    <ClInclude Include="..\src\Scene\PointLight.h">
      <Filter>头文件\Scene\Light</Filter>
    </ClInclude>
    <ClInclude Include="..\src\Scene\SpotLight.h">
      <Filter>头文件\Scene\Light</Filter>
    </ClInclude>
    <ClInclude Include="..\src\Drawable\LightMaterial\PointLightMaterial.h">
      <Filter>头文件\Drawable\LightMaterial</Filter>
    </ClInclude>
    <ClInclude Include="..\src\Drawable\Shadow\OnmiShadowGenMaterial.h">
      <Filter>头文件\Drawable\Shadow</Filter>
    </ClInclude>
    <ClInclude Include="..\src\Drawable\Private\IMaterial.h">
      <Filter>头文件\Drawable\Private</Filter>
    </ClInclude>
    <ClInclude Include="..\src\Drawable\MaterialBase.h">
      <Filter>头文件\Drawable\Private</Filter>
    </ClInclude>
    <ClInclude Include="..\src\Drawable\MaterialBaseParent.h">
      <Filter>头文件\Drawable\Private</Filter>
    </ClInclude>
    <ClInclude Include="..\src\Drawable\PostProcess\CompositionMaterial.h">
      <Filter>头文件\Drawable\PostProcess</Filter>
    </ClInclude>
    <ClInclude Include="..\src\Drawable\Shadow\CascadeShadowMaterial.h">
      <Filter>头文件\Drawable\Shadow</Filter>
    </ClInclude>
    <ClInclude Include="..\src\Drawable\PostProcess\ScreenSpaceReflectionMaterial.h">
      <Filter>头文件\Drawable\PostProcess</Filter>
    </ClInclude>
  </ItemGroup>
  <ItemGroup>
    <ClCompile Include="..\src\VulkanCore\Buffer.cpp">
      <Filter>源文件\VulkanCore</Filter>
    </ClCompile>
    <ClCompile Include="..\src\VulkanCore\DescriptorSet.cpp">
      <Filter>源文件\VulkanCore</Filter>
    </ClCompile>
    <ClCompile Include="..\src\VulkanCore\Image.cpp">
      <Filter>源文件\VulkanCore</Filter>
    </ClCompile>
    <ClCompile Include="..\src\VulkanCore\Vulkan.cpp">
      <Filter>源文件\VulkanCore</Filter>
    </ClCompile>
    <ClCompile Include="..\src\Bindable\IndexBuffer.cpp">
      <Filter>源文件\Bindable</Filter>
    </ClCompile>
    <ClCompile Include="..\src\Bindable\Shader.cpp">
      <Filter>源文件\Bindable</Filter>
    </ClCompile>
    <ClCompile Include="..\src\Bindable\VertexBuffer.cpp">
      <Filter>源文件\Bindable</Filter>
    </ClCompile>
    <ClCompile Include="..\include\imgui\imgui.cpp">
      <Filter>源文件\imgui</Filter>
    </ClCompile>
    <ClCompile Include="..\include\imgui\imgui_draw.cpp">
      <Filter>源文件\imgui</Filter>
    </ClCompile>
    <ClCompile Include="..\include\imgui\imgui_tables.cpp">
      <Filter>源文件\imgui</Filter>
    </ClCompile>
    <ClCompile Include="..\include\imgui\imgui_widgets.cpp">
      <Filter>源文件\imgui</Filter>
    </ClCompile>
    <ClCompile Include="..\include\imgui\backends\imgui_impl_glfw.cpp">
      <Filter>源文件\imgui</Filter>
    </ClCompile>
    <ClCompile Include="..\src\VulkanCore\RenderPass.cpp">
      <Filter>源文件\VulkanCore</Filter>
    </ClCompile>
    <ClCompile Include="..\src\DynamicVariable\DynamicConstant.cpp">
      <Filter>源文件\DynamicVariable</Filter>
    </ClCompile>
    <ClCompile Include="..\src\DynamicVariable\LayoutCodex.cpp">
      <Filter>源文件\DynamicVariable</Filter>
    </ClCompile>
    <ClCompile Include="..\src\VulkanCore\CommandBuffer.cpp">
      <Filter>源文件\VulkanCore</Filter>
    </ClCompile>
    <ClCompile Include="..\src\VulkanCore\DescriptorPool.cpp">
      <Filter>源文件\VulkanCore</Filter>
    </ClCompile>
    <ClCompile Include="..\src\VulkanCore\Graphics.cpp">
      <Filter>源文件\VulkanCore</Filter>
    </ClCompile>
    <ClCompile Include="..\src\Drawable\Model.cpp">
      <Filter>源文件\Drawable</Filter>
    </ClCompile>
    <ClCompile Include="..\src\RenderSystem\FrameTimer.cpp">
      <Filter>源文件\RenderSystem</Filter>
    </ClCompile>
    <ClCompile Include="..\src\Scene\Camera.cpp">
      <Filter>源文件\Scene</Filter>
    </ClCompile>
    <ClCompile Include="..\src\Scene\Scene.cpp">
      <Filter>源文件\Scene</Filter>
    </ClCompile>
    <ClCompile Include="..\src\Exception\ChiliException.cpp">
      <Filter>源文件\Exception</Filter>
    </ClCompile>
    <ClCompile Include="..\src\Exception\ModelException.cpp">
      <Filter>源文件\Exception</Filter>
    </ClCompile>
    <ClCompile Include="..\src\DynamicVariable\DynamicVertex.cpp">
      <Filter>源文件\DynamicVariable</Filter>
    </ClCompile>
    <ClCompile Include="..\src\RenderSystem\RenderLoop.cpp">
      <Filter>源文件\RenderSystem</Filter>
    </ClCompile>
    <ClCompile Include="..\src\Drawable\Texture.cpp">
      <Filter>源文件\Drawable</Filter>
    </ClCompile>
    <ClCompile Include="..\src\imgui\ImguiManager.cpp">
      <Filter>源文件\imgui</Filter>
    </ClCompile>
    <ClCompile Include="..\src\VulkanCore\CommandQueue.cpp">
      <Filter>源文件\VulkanCore</Filter>
    </ClCompile>
    <ClCompile Include="..\src\Drawable\ModelWindow.cpp">
      <Filter>源文件\Drawable</Filter>
    </ClCompile>
    <ClCompile Include="..\src\Drawable\MaterialBase.cpp">
      <Filter>源文件\Drawable</Filter>
    </ClCompile>
    <ClCompile Include="..\src\Drawable\OutlineMaterial.cpp">
      <Filter>源文件\Drawable</Filter>
    </ClCompile>
    <ClCompile Include="..\src\Drawable\PhoneMaterial.cpp">
      <Filter>源文件\Drawable</Filter>
    </ClCompile>
    <ClCompile Include="..\src\Utils\GloableClass.cpp">
      <Filter>源文件\Utils</Filter>
    </ClCompile>
    <ClCompile Include="..\src\Bindable\DepthStencilState.cpp">
      <Filter>源文件\Bindable</Filter>
    </ClCompile>
    <ClCompile Include="..\src\VulkanCore\CommandPool.cpp">
      <Filter>源文件\VulkanCore</Filter>
    </ClCompile>
    <ClCompile Include="..\src\VulkanCore\vulkan_core_headers.cpp">
      <Filter>源文件\VulkanCore</Filter>
    </ClCompile>
    <ClCompile Include="..\src\Drawable\SkyboxMaterial.cpp">
      <Filter>源文件\Drawable</Filter>
    </ClCompile>
    <ClCompile Include="..\src\Test\test.cpp">
      <Filter>源文件\Test</Filter>
    </ClCompile>
    <ClCompile Include="..\src\Drawable\PBRMaterial.cpp">
      <Filter>源文件\Drawable</Filter>
    </ClCompile>
    <ClCompile Include="..\src\Drawable\BrdfMaterial.cpp">
      <Filter>源文件\Drawable</Filter>
    </ClCompile>
    <ClCompile Include="..\src\Drawable\IrradianceMaterial.cpp">
      <Filter>源文件\Drawable</Filter>
    </ClCompile>
    <ClCompile Include="..\src\Drawable\MaterialBaseParent.cpp">
      <Filter>源文件\Drawable</Filter>
    </ClCompile>
    <ClCompile Include="..\src\Drawable\PrefilterMaterial.cpp">
      <Filter>源文件\Drawable</Filter>
    </ClCompile>
    <ClCompile Include="..\src\Drawable\DeferredMaterial.cpp">
      <Filter>源文件\Drawable</Filter>
    </ClCompile>
    <ClCompile Include="..\src\Drawable\SSAOgenerateMaterial.cpp">
      <Filter>源文件\Drawable</Filter>
    </ClCompile>
    <ClCompile Include="..\src\Drawable\DefaultMaterial.cpp">
      <Filter>源文件\Drawable</Filter>
    </ClCompile>
    <ClCompile Include="..\src\Drawable\PbrDeferredMaterial.cpp">
      <Filter>源文件\Drawable</Filter>
    </ClCompile>
    <ClCompile Include="..\src\Drawable\RenderPassFactory.cpp">
      <Filter>源文件\Drawable</Filter>
    </ClCompile>
    <ClCompile Include="..\src\Drawable\BlurMaterial.cpp">
      <Filter>源文件\Drawable</Filter>
    </ClCompile>
    <ClCompile Include="..\src\Scene\PointLight.cpp">
      <Filter>源文件\Scene\Light</Filter>
    </ClCompile>
    <ClCompile Include="..\src\Scene\Light.cpp">
      <Filter>源文件\Scene\Light</Filter>
    </ClCompile>
    <ClCompile Include="..\src\Scene\DirectionLight.cpp">
      <Filter>源文件\Scene\Light</Filter>
    </ClCompile>
    <ClCompile Include="..\src\Scene\SpotLight.cpp">
      <Filter>源文件\Scene\Light</Filter>
    </ClCompile>
    <ClCompile Include="..\src\Drawable\LightMaterial\PointLightMaterial.cpp">
      <Filter>源文件\Drawable\LightMaterial</Filter>
    </ClCompile>
    <ClCompile Include="..\src\Drawable\Shadow\OnmiShadowGenMaterial.cpp">
      <Filter>源文件\Drawable\Shadow</Filter>
    </ClCompile>
    <ClCompile Include="..\src\Drawable\PostProcess\CompositionMaterial.cpp">
      <Filter>源文件\Drawable\PostProcess</Filter>
    </ClCompile>
    <ClCompile Include="..\src\Drawable\Shadow\CascadeShadowMaterial.cpp">
      <Filter>源文件\Drawable\Shadow</Filter>
    </ClCompile>
    <ClCompile Include="..\src\Drawable\PostProcess\ScreenSpaceReflectionMaterial.cpp">
      <Filter>源文件\Drawable\PostProcess</Filter>
    </ClCompile>
    <ClCompile Include="..\src\VulkanCore\Synchronization.cpp">
      <Filter>源文件\VulkanCore</Filter>
    </ClCompile>
  </ItemGroup>
  <ItemGroup>
    <None Include="..\src\shaders\desc_test.vert.glsl">
      <Filter>源文件\Shaders</Filter>
    </None>
    <None Include="..\src\shaders\desc_test.frag.glsl">
      <Filter>源文件\Shaders</Filter>
    </None>
    <None Include="..\src\shaders\Phone.vert.glsl">
      <Filter>源文件\Shaders</Filter>
    </None>
    <None Include="..\src\shaders\Phone.frag.glsl">
      <Filter>源文件\Shaders</Filter>
    </None>
    <None Include="..\src\shaders\Outline.vert.glsl">
      <Filter>源文件\Shaders</Filter>
    </None>
    <None Include="..\src\shaders\Outline.frag.glsl">
      <Filter>源文件\Shaders</Filter>
    </None>
    <None Include="..\src\shaders\Skybox.vert.glsl">
      <Filter>源文件\Shaders</Filter>
    </None>
    <None Include="..\src\shaders\Skybox.frag.glsl">
      <Filter>源文件\Shaders</Filter>
    </None>
    <None Include="..\src\shaders\Pbr_basic.frag.glsl">
      <Filter>源文件\Shaders\PBR</Filter>
    </None>
    <None Include="..\src\shaders\Pbr_basic.vert.glsl">
      <Filter>源文件\Shaders\PBR</Filter>
    </None>
    <None Include="..\src\shaders\Brdf_lut.vert.glsl">
      <Filter>源文件\Shaders\PBR</Filter>
    </None>
    <None Include="..\src\shaders\Brdf_lut.frag.glsl">
      <Filter>源文件\Shaders\PBR</Filter>
    </None>
    <None Include="..\src\shaders\Irradiance_map.vert.glsl">
      <Filter>源文件\Shaders\PBR</Filter>
    </None>
    <None Include="..\src\shaders\Irradiance_map.frag.glsl">
      <Filter>源文件\Shaders\PBR</Filter>
    </None>
    <None Include="..\src\shaders\Prefilter_map.vert.glsl">
      <Filter>源文件\Shaders\PBR</Filter>
    </None>
    <None Include="..\src\shaders\Prefilter_map.frag.glsl">
      <Filter>源文件\Shaders\PBR</Filter>
    </None>
    <None Include="..\src\shaders\UIoverlay.vert.glsl">
      <Filter>源文件\Shaders</Filter>
    </None>
    <None Include="..\src\shaders\UIoverlay.frag.glsl">
      <Filter>源文件\Shaders</Filter>
    </None>
    <None Include="..\src\shaders\Deferred_gbuffer.vert.glsl">
      <Filter>源文件\Shaders\Deferred</Filter>
    </None>
    <None Include="..\src\shaders\Deferred_gbuffer.frag.glsl">
      <Filter>源文件\Shaders\Deferred</Filter>
    </None>
    <None Include="..\src\shaders\FullScreen.vert.glsl">
      <Filter>源文件\Shaders</Filter>
    </None>
    <None Include="..\src\shaders\Ssao_generate.frag.glsl">
      <Filter>源文件\Shaders\SSAO</Filter>
    </None>
    <None Include="..\src\shaders\Default.frag.glsl">
      <Filter>源文件\Shaders</Filter>
    </None>
    <None Include="..\src\shaders\Default.vert.glsl">
      <Filter>源文件\Shaders</Filter>
    </None>
    <None Include="..\src\shaders\Pbr_deferred.frag.glsl">
      <Filter>源文件\Shaders\PBR</Filter>
    </None>
    <None Include="..\src\shaders\Blur.frag.glsl">
      <Filter>源文件\Shaders</Filter>
    </None>
    <None Include="..\src\shaders\shadow\omni_shadow.vert.glsl">
      <Filter>源文件\Shaders\Shadow</Filter>
    </None>
    <None Include="..\src\shaders\shadow\omni_shadow.geom.glsl">
      <Filter>源文件\Shaders\Shadow</Filter>
    </None>
    <None Include="..\src\shaders\shadow\omni_shadow.frag.glsl">
      <Filter>源文件\Shaders\Shadow</Filter>
    </None>
    <None Include="..\src\shaders\ssr\ScreenSpaceReflection.frag.glsl">
      <Filter>源文件\Shaders\SSR</Filter>
    </None>
    <None Include="..\src\shaders\composition\Composition.frag.glsl">
      <Filter>源文件\Shaders\Composition</Filter>
    </None>
    <None Include="..\src\shaders\shadow\CascadeShadow.vert.glsl">
      <Filter>源文件\Shaders\Shadow</Filter>
    </None>
    <None Include="..\src\shaders\shadow\CascadeShadow.frag.glsl">
      <Filter>源文件\Shaders\Shadow</Filter>
    </None>
  </ItemGroup>
</Project>